
Microsoft Visual Studio Solution File, Format Version 12.00
# Visual Studio Version 17
VisualStudioVersion = 17.0.31912.275
MinimumVisualStudioVersion = 10.0.40219.1
Project("{8BC9CEB8-8B4A-11D0-8D11-00A0C91BC942}") = "BankService", "BankService.vcxproj", "{DB0E5326-D746-453D-93AB-3C297BFDA35B}"
EndProject
Global
	GlobalSection(SolutionConfigurationPlatforms) = preSolution
		Debug|x64 = Debug|x64
		Debug|x86 = Debug|x86
		Release|x64 = Release|x64
		Release|x86 = Release|x86
	EndGlobalSection
	GlobalSection(ProjectConfigurationPlatforms) = postSolution
		{DB0E5326-D746-453D-93AB-3C297BFDA35B}.Debug|x64.ActiveCfg = Debug|x64
		{DB0E5326-D746-453D-93AB-3C297BFDA35B}.Debug|x64.Build.0 = Debug|x64
		{DB0E5326-D746-453D-93AB-3C297BFDA35B}.Debug|x86.ActiveCfg = Debug|Win32
		{DB0E5326-D746-453D-93AB-3C297BFDA35B}.Debug|x86.Build.0 = Debug|Win32
		{DB0E5326-D746-453D-93AB-3C297BFDA35B}.Release|x64.ActiveCfg = Release|x64
		{DB0E5326-D746-453D-93AB-3C297BFDA35B}.Release|x64.Build.0 = Release|x64
		{DB0E5326-D746-453D-93AB-3C297BFDA35B}.Release|x86.ActiveCfg = Release|Win32
		{DB0E5326-D746-453D-93AB-3C297BFDA35B}.Release|x86.Build.0 = Release|Win32
	EndGlobalSection
	GlobalSection(SolutionProperties) = preSolution
		HideSolutionNode = FALSE
	EndGlobalSection
	GlobalSection(ExtensibilityGlobals) = postSolution
		SolutionGuid = {82B8424C-11EE-4D4C-B709-E3C72353CC1F}
	EndGlobalSection
EndGlobal
